// !$*UTF8*$!
{
	archiveVersion = 1;
	classes = {
	};
	objectVersion = 77;
	objects = {

/* Begin PBXBuildFile section */
		A712D38B2DB3F0890067A800 /* ProfileView.swift in Sources */ = {isa = PBXBuildFile; fileRef = A712D38A2DB3F0890067A800 /* ProfileView.swift */; };
		A712D38D2DB3F5B70067A800 /* ProfileEditingView.swift in Sources */ = {isa = PBXBuildFile; fileRef = A712D38C2DB3F5B70067A800 /* ProfileEditingView.swift */; };
		A712D38F2DB3FA040067A800 /* ProfileViewModel.swift in Sources */ = {isa = PBXBuildFile; fileRef = A712D38E2DB3FA040067A800 /* ProfileViewModel.swift */; };
		A712D3942DB407AB0067A800 /* Kingfisher in Frameworks */ = {isa = PBXBuildFile; productRef = A712D3932DB407AB0067A800 /* Kingfisher */; };
		A790AB6A2DB23C6700087376 /* SignupViewModel.swift in Sources */ = {isa = PBXBuildFile; fileRef = A790AB692DB23C6700087376 /* SignupViewModel.swift */; };
		A790AB6D2DB243A200087376 /* AuthManager.swift in Sources */ = {isa = PBXBuildFile; fileRef = A790AB6C2DB243A200087376 /* AuthManager.swift */; };
		A790AB6F2DB2476A00087376 /* User.swift in Sources */ = {isa = PBXBuildFile; fileRef = A790AB6E2DB2476A00087376 /* User.swift */; };
		A790AB712DB24ACF00087376 /* LoginViewModel.swift in Sources */ = {isa = PBXBuildFile; fileRef = A790AB702DB24ACF00087376 /* LoginViewModel.swift */; };
		A790EEE52DAE986700648024 /* Preview Assets.xcassets in Resources */ = {isa = PBXBuildFile; fileRef = A790EEDE2DAE986700648024 /* Preview Assets.xcassets */; };
		A790EEE62DAE986700648024 /* Assets.xcassets in Resources */ = {isa = PBXBuildFile; fileRef = A790EEE02DAE986700648024 /* Assets.xcassets */; };
		A790EEE72DAE986700648024 /* ContentView.swift in Sources */ = {isa = PBXBuildFile; fileRef = A790EEE12DAE986700648024 /* ContentView.swift */; };
		A790EEE82DAE986700648024 /* instagramCloneApp.swift in Sources */ = {isa = PBXBuildFile; fileRef = A790EEE22DAE986700648024 /* instagramCloneApp.swift */; };
		A790EEE92DAE986700648024 /* MainTapView.swift in Sources */ = {isa = PBXBuildFile; fileRef = A790EEE32DAE986700648024 /* MainTapView.swift */; };
		A790EEEB2DAE98B800648024 /* NewPostView.swift in Sources */ = {isa = PBXBuildFile; fileRef = A790EEEA2DAE98B800648024 /* NewPostView.swift */; };
		A790EEED2DAEA2BB00648024 /* ImageFitAndFillView.swift in Sources */ = {isa = PBXBuildFile; fileRef = A790EEEC2DAEA2BB00648024 /* ImageFitAndFillView.swift */; };
		A7E32BB52DB143B9000E0457 /* LoginView.swift in Sources */ = {isa = PBXBuildFile; fileRef = A7E32BB42DB143B9000E0457 /* LoginView.swift */; };
		A7E32BB82DB14896000E0457 /* GradientBackgroundView.swift in Sources */ = {isa = PBXBuildFile; fileRef = A7E32BB72DB14896000E0457 /* GradientBackgroundView.swift */; };
		A7E32BBA2DB148ED000E0457 /* EnterEmailView.swift in Sources */ = {isa = PBXBuildFile; fileRef = A7E32BB92DB148ED000E0457 /* EnterEmailView.swift */; };
		A7E32BBC2DB14AFD000E0457 /* EnterPasswordView.swift in Sources */ = {isa = PBXBuildFile; fileRef = A7E32BBB2DB14AFD000E0457 /* EnterPasswordView.swift */; };
		A7E32BBE2DB14BC5000E0457 /* EnterNameView.swift in Sources */ = {isa = PBXBuildFile; fileRef = A7E32BBD2DB14BC5000E0457 /* EnterNameView.swift */; };
		A7E32BC02DB14C17000E0457 /* EnterUsernameView.swift in Sources */ = {isa = PBXBuildFile; fileRef = A7E32BBF2DB14C17000E0457 /* EnterUsernameView.swift */; };
		A7E32BC22DB14C61000E0457 /* CompleteSignupView.swift in Sources */ = {isa = PBXBuildFile; fileRef = A7E32BC12DB14C61000E0457 /* CompleteSignupView.swift */; };
		A7E32BC42DB14EE6000E0457 /* InstagramTextFieldModifier.swift in Sources */ = {isa = PBXBuildFile; fileRef = A7E32BC32DB14EE6000E0457 /* InstagramTextFieldModifier.swift */; };
		A7E32BC72DB15077000E0457 /* SignupBackgroundView.swift in Sources */ = {isa = PBXBuildFile; fileRef = A7E32BC62DB15077000E0457 /* SignupBackgroundView.swift */; };
		A7E32BC92DB15378000E0457 /* BlueButtonView.swift in Sources */ = {isa = PBXBuildFile; fileRef = A7E32BC82DB15378000E0457 /* BlueButtonView.swift */; };
		A7FFC2AA2DAFB9B4008FC4D1 /* GoogleService-Info.plist in Resources */ = {isa = PBXBuildFile; fileRef = A7FFC2A92DAFB9B4008FC4D1 /* GoogleService-Info.plist */; };
		A7FFC2AD2DAFBACC008FC4D1 /* FirebaseAuth in Frameworks */ = {isa = PBXBuildFile; productRef = A7FFC2AC2DAFBACC008FC4D1 /* FirebaseAuth */; };
		A7FFC2AF2DAFBACC008FC4D1 /* FirebaseFirestore in Frameworks */ = {isa = PBXBuildFile; productRef = A7FFC2AE2DAFBACC008FC4D1 /* FirebaseFirestore */; };
		A7FFC2B12DAFBACC008FC4D1 /* FirebaseFirestoreSwift in Frameworks */ = {isa = PBXBuildFile; productRef = A7FFC2B02DAFBACC008FC4D1 /* FirebaseFirestoreSwift */; };
		A7FFC2B32DAFBACC008FC4D1 /* FirebaseStorage in Frameworks */ = {isa = PBXBuildFile; productRef = A7FFC2B22DAFBACC008FC4D1 /* FirebaseStorage */; };
		A7FFC2B62DAFBF58008FC4D1 /* NewPostViewModel.swift in Sources */ = {isa = PBXBuildFile; fileRef = A7FFC2B52DAFBF58008FC4D1 /* NewPostViewModel.swift */; };
		A7FFC2B92DAFC57B008FC4D1 /* Post.swift in Sources */ = {isa = PBXBuildFile; fileRef = A7FFC2B82DAFC57B008FC4D1 /* Post.swift */; };
/* End PBXBuildFile section */

/* Begin PBXFileReference section */
		A712D38A2DB3F0890067A800 /* ProfileView.swift */ = {isa = PBXFileReference; lastKnownFileType = sourcecode.swift; path = ProfileView.swift; sourceTree = "<group>"; };
		A712D38C2DB3F5B70067A800 /* ProfileEditingView.swift */ = {isa = PBXFileReference; lastKnownFileType = sourcecode.swift; path = ProfileEditingView.swift; sourceTree = "<group>"; };
		A712D38E2DB3FA040067A800 /* ProfileViewModel.swift */ = {isa = PBXFileReference; lastKnownFileType = sourcecode.swift; path = ProfileViewModel.swift; sourceTree = "<group>"; };
		A790AB692DB23C6700087376 /* SignupViewModel.swift */ = {isa = PBXFileReference; lastKnownFileType = sourcecode.swift; path = SignupViewModel.swift; sourceTree = "<group>"; };
		A790AB6C2DB243A200087376 /* AuthManager.swift */ = {isa = PBXFileReference; lastKnownFileType = sourcecode.swift; path = AuthManager.swift; sourceTree = "<group>"; };
		A790AB6E2DB2476A00087376 /* User.swift */ = {isa = PBXFileReference; lastKnownFileType = sourcecode.swift; path = User.swift; sourceTree = "<group>"; };
		A790AB702DB24ACF00087376 /* LoginViewModel.swift */ = {isa = PBXFileReference; lastKnownFileType = sourcecode.swift; path = LoginViewModel.swift; sourceTree = "<group>"; };
		A790EECB2DAE961B00648024 /* instagramClone.app */ = {isa = PBXFileReference; explicitFileType = wrapper.application; includeInIndex = 0; path = instagramClone.app; sourceTree = BUILT_PRODUCTS_DIR; };
		A790EEDE2DAE986700648024 /* Preview Assets.xcassets */ = {isa = PBXFileReference; lastKnownFileType = folder.assetcatalog; path = "Preview Assets.xcassets"; sourceTree = "<group>"; };
		A790EEE02DAE986700648024 /* Assets.xcassets */ = {isa = PBXFileReference; lastKnownFileType = folder.assetcatalog; path = Assets.xcassets; sourceTree = "<group>"; };
		A790EEE12DAE986700648024 /* ContentView.swift */ = {isa = PBXFileReference; lastKnownFileType = sourcecode.swift; path = ContentView.swift; sourceTree = "<group>"; };
		A790EEE22DAE986700648024 /* instagramCloneApp.swift */ = {isa = PBXFileReference; lastKnownFileType = sourcecode.swift; path = instagramCloneApp.swift; sourceTree = "<group>"; };
		A790EEE32DAE986700648024 /* MainTapView.swift */ = {isa = PBXFileReference; lastKnownFileType = sourcecode.swift; path = MainTapView.swift; sourceTree = "<group>"; };
		A790EEEA2DAE98B800648024 /* NewPostView.swift */ = {isa = PBXFileReference; lastKnownFileType = sourcecode.swift; path = NewPostView.swift; sourceTree = "<group>"; };
		A790EEEC2DAEA2BB00648024 /* ImageFitAndFillView.swift */ = {isa = PBXFileReference; lastKnownFileType = sourcecode.swift; path = ImageFitAndFillView.swift; sourceTree = "<group>"; };
		A7E32BB42DB143B9000E0457 /* LoginView.swift */ = {isa = PBXFileReference; lastKnownFileType = sourcecode.swift; path = LoginView.swift; sourceTree = "<group>"; };
		A7E32BB72DB14896000E0457 /* GradientBackgroundView.swift */ = {isa = PBXFileReference; lastKnownFileType = sourcecode.swift; path = GradientBackgroundView.swift; sourceTree = "<group>"; };
		A7E32BB92DB148ED000E0457 /* EnterEmailView.swift */ = {isa = PBXFileReference; lastKnownFileType = sourcecode.swift; path = EnterEmailView.swift; sourceTree = "<group>"; };
		A7E32BBB2DB14AFD000E0457 /* EnterPasswordView.swift */ = {isa = PBXFileReference; lastKnownFileType = sourcecode.swift; path = EnterPasswordView.swift; sourceTree = "<group>"; };
		A7E32BBD2DB14BC5000E0457 /* EnterNameView.swift */ = {isa = PBXFileReference; lastKnownFileType = sourcecode.swift; path = EnterNameView.swift; sourceTree = "<group>"; };
		A7E32BBF2DB14C17000E0457 /* EnterUsernameView.swift */ = {isa = PBXFileReference; lastKnownFileType = sourcecode.swift; path = EnterUsernameView.swift; sourceTree = "<group>"; };
		A7E32BC12DB14C61000E0457 /* CompleteSignupView.swift */ = {isa = PBXFileReference; lastKnownFileType = sourcecode.swift; path = CompleteSignupView.swift; sourceTree = "<group>"; };
		A7E32BC32DB14EE6000E0457 /* InstagramTextFieldModifier.swift */ = {isa = PBXFileReference; lastKnownFileType = sourcecode.swift; path = InstagramTextFieldModifier.swift; sourceTree = "<group>"; };
		A7E32BC62DB15077000E0457 /* SignupBackgroundView.swift */ = {isa = PBXFileReference; lastKnownFileType = sourcecode.swift; path = SignupBackgroundView.swift; sourceTree = "<group>"; };
		A7E32BC82DB15378000E0457 /* BlueButtonView.swift */ = {isa = PBXFileReference; lastKnownFileType = sourcecode.swift; path = BlueButtonView.swift; sourceTree = "<group>"; };
		A7FFC2A92DAFB9B4008FC4D1 /* GoogleService-Info.plist */ = {isa = PBXFileReference; lastKnownFileType = text.plist.xml; path = "GoogleService-Info.plist"; sourceTree = "<group>"; };
		A7FFC2B52DAFBF58008FC4D1 /* NewPostViewModel.swift */ = {isa = PBXFileReference; lastKnownFileType = sourcecode.swift; path = NewPostViewModel.swift; sourceTree = "<group>"; };
		A7FFC2B82DAFC57B008FC4D1 /* Post.swift */ = {isa = PBXFileReference; lastKnownFileType = sourcecode.swift; path = Post.swift; sourceTree = "<group>"; };
/* End PBXFileReference section */

/* Begin PBXFrameworksBuildPhase section */
		A790EEC82DAE961B00648024 /* Frameworks */ = {
			isa = PBXFrameworksBuildPhase;
			buildActionMask = 2147483647;
			files = (
				A7FFC2AD2DAFBACC008FC4D1 /* FirebaseAuth in Frameworks */,
				A7FFC2B32DAFBACC008FC4D1 /* FirebaseStorage in Frameworks */,
				A7FFC2AF2DAFBACC008FC4D1 /* FirebaseFirestore in Frameworks */,
				A7FFC2B12DAFBACC008FC4D1 /* FirebaseFirestoreSwift in Frameworks */,
				A712D3942DB407AB0067A800 /* Kingfisher in Frameworks */,
			);
			runOnlyForDeploymentPostprocessing = 0;
		};
/* End PBXFrameworksBuildPhase section */

/* Begin PBXGroup section */
		A712D3892DB3F07D0067A800 /* Profile */ = {
			isa = PBXGroup;
			children = (
				A712D3902DB3FA0B0067A800 /* View */,
				A712D3912DB3FA130067A800 /* ViewModel */,
			);
			path = Profile;
			sourceTree = "<group>";
		};
		A712D3902DB3FA0B0067A800 /* View */ = {
			isa = PBXGroup;
			children = (
				A712D38A2DB3F0890067A800 /* ProfileView.swift */,
				A712D38C2DB3F5B70067A800 /* ProfileEditingView.swift */,
			);
			path = View;
			sourceTree = "<group>";
		};
		A712D3912DB3FA130067A800 /* ViewModel */ = {
			isa = PBXGroup;
			children = (
				A712D38E2DB3FA040067A800 /* ProfileViewModel.swift */,
			);
			path = ViewModel;
			sourceTree = "<group>";
		};
		A790AB672DB23C4A00087376 /* View */ = {
			isa = PBXGroup;
			children = (
				A7E32BB42DB143B9000E0457 /* LoginView.swift */,
				A7E32BB92DB148ED000E0457 /* EnterEmailView.swift */,
				A7E32BBB2DB14AFD000E0457 /* EnterPasswordView.swift */,
				A7E32BBD2DB14BC5000E0457 /* EnterNameView.swift */,
				A7E32BBF2DB14C17000E0457 /* EnterUsernameView.swift */,
				A7E32BC12DB14C61000E0457 /* CompleteSignupView.swift */,
			);
			path = View;
			sourceTree = "<group>";
		};
		A790AB682DB23C5300087376 /* ViewModel */ = {
			isa = PBXGroup;
			children = (
				A790AB692DB23C6700087376 /* SignupViewModel.swift */,
				A790AB702DB24ACF00087376 /* LoginViewModel.swift */,
			);
			path = ViewModel;
			sourceTree = "<group>";
		};
		A790AB6B2DB2439100087376 /* Manager */ = {
			isa = PBXGroup;
			children = (
				A790AB6C2DB243A200087376 /* AuthManager.swift */,
			);
			path = Manager;
			sourceTree = "<group>";
		};
		A790EEC22DAE961B00648024 = {
			isa = PBXGroup;
			children = (
				A790EEE42DAE986700648024 /* instagramClone */,
				A790EECC2DAE961B00648024 /* Products */,
			);
			sourceTree = "<group>";
		};
		A790EECC2DAE961B00648024 /* Products */ = {
			isa = PBXGroup;
			children = (
				A790EECB2DAE961B00648024 /* instagramClone.app */,
			);
			name = Products;
			sourceTree = "<group>";
		};
		A790EEDF2DAE986700648024 /* Preview Content */ = {
			isa = PBXGroup;
			children = (
				A790EEDE2DAE986700648024 /* Preview Assets.xcassets */,
			);
			path = "Preview Content";
			sourceTree = "<group>";
		};
		A790EEE42DAE986700648024 /* instagramClone */ = {
			isa = PBXGroup;
			children = (
				A790EEDF2DAE986700648024 /* Preview Content */,
				A790EEE02DAE986700648024 /* Assets.xcassets */,
				A7FFC2A92DAFB9B4008FC4D1 /* GoogleService-Info.plist */,
				A790EEE22DAE986700648024 /* instagramCloneApp.swift */,
				A790EEE12DAE986700648024 /* ContentView.swift */,
				A790EEE32DAE986700648024 /* MainTapView.swift */,
				A7E32BC52DB14EF9000E0457 /* Common */,
				A7E32BB62DB143BF000E0457 /* Login */,
				A7FFC2B42DAFBF37008FC4D1 /* NewPost */,
				A790EEEC2DAEA2BB00648024 /* ImageFitAndFillView.swift */,
				A712D3892DB3F07D0067A800 /* Profile */,
				A7FFC2B72DAFC570008FC4D1 /* Model */,
			);
			path = instagramClone;
			sourceTree = "<group>";
		};
		A7E32BB62DB143BF000E0457 /* Login */ = {
			isa = PBXGroup;
			children = (
				A790AB672DB23C4A00087376 /* View */,
				A790AB682DB23C5300087376 /* ViewModel */,
			);
			path = Login;
			sourceTree = "<group>";
		};
		A7E32BC52DB14EF9000E0457 /* Common */ = {
			isa = PBXGroup;
			children = (
				A7E32BC32DB14EE6000E0457 /* InstagramTextFieldModifier.swift */,
				A7E32BB72DB14896000E0457 /* GradientBackgroundView.swift */,
				A7E32BC62DB15077000E0457 /* SignupBackgroundView.swift */,
				A7E32BC82DB15378000E0457 /* BlueButtonView.swift */,
				A790AB6B2DB2439100087376 /* Manager */,
			);
			path = Common;
			sourceTree = "<group>";
		};
		A7FFC2B42DAFBF37008FC4D1 /* NewPost */ = {
			isa = PBXGroup;
			children = (
				A790EEEA2DAE98B800648024 /* NewPostView.swift */,
				A7FFC2B52DAFBF58008FC4D1 /* NewPostViewModel.swift */,
			);
			path = NewPost;
			sourceTree = "<group>";
		};
		A7FFC2B72DAFC570008FC4D1 /* Model */ = {
			isa = PBXGroup;
			children = (
				A7FFC2B82DAFC57B008FC4D1 /* Post.swift */,
				A790AB6E2DB2476A00087376 /* User.swift */,
			);
			path = Model;
			sourceTree = "<group>";
		};
/* End PBXGroup section */

/* Begin PBXNativeTarget section */
		A790EECA2DAE961B00648024 /* instagramClone */ = {
			isa = PBXNativeTarget;
			buildConfigurationList = A790EED92DAE961C00648024 /* Build configuration list for PBXNativeTarget "instagramClone" */;
			buildPhases = (
				A790EEC72DAE961B00648024 /* Sources */,
				A790EEC82DAE961B00648024 /* Frameworks */,
				A790EEC92DAE961B00648024 /* Resources */,
			);
			buildRules = (
			);
			dependencies = (
			);
			name = instagramClone;
			packageProductDependencies = (
				A7FFC2AC2DAFBACC008FC4D1 /* FirebaseAuth */,
				A7FFC2AE2DAFBACC008FC4D1 /* FirebaseFirestore */,
				A7FFC2B02DAFBACC008FC4D1 /* FirebaseFirestoreSwift */,
				A7FFC2B22DAFBACC008FC4D1 /* FirebaseStorage */,
				A712D3932DB407AB0067A800 /* Kingfisher */,
			);
			productName = instagramClone;
			productReference = A790EECB2DAE961B00648024 /* instagramClone.app */;
			productType = "com.apple.product-type.application";
		};
/* End PBXNativeTarget section */

/* Begin PBXProject section */
		A790EEC32DAE961B00648024 /* Project object */ = {
			isa = PBXProject;
			attributes = {
				BuildIndependentTargetsInParallel = 1;
				LastSwiftUpdateCheck = 1620;
				LastUpgradeCheck = 1620;
				TargetAttributes = {
					A790EECA2DAE961B00648024 = {
						CreatedOnToolsVersion = 16.2;
					};
				};
			};
			buildConfigurationList = A790EEC62DAE961B00648024 /* Build configuration list for PBXProject "instagramClone" */;
			developmentRegion = en;
			hasScannedForEncodings = 0;
			knownRegions = (
				en,
				Base,
			);
			mainGroup = A790EEC22DAE961B00648024;
			minimizedProjectReferenceProxies = 1;
			packageReferences = (
				A7FFC2AB2DAFBACC008FC4D1 /* XCRemoteSwiftPackageReference "firebase-ios-sdk" */,
				A712D3922DB407AB0067A800 /* XCRemoteSwiftPackageReference "Kingfisher" */,
			);
			preferredProjectObjectVersion = 77;
			productRefGroup = A790EECC2DAE961B00648024 /* Products */;
			projectDirPath = "";
			projectRoot = "";
			targets = (
				A790EECA2DAE961B00648024 /* instagramClone */,
			);
		};
/* End PBXProject section */

/* Begin PBXResourcesBuildPhase section */
		A790EEC92DAE961B00648024 /* Resources */ = {
			isa = PBXResourcesBuildPhase;
			buildActionMask = 2147483647;
			files = (
				A790EEE52DAE986700648024 /* Preview Assets.xcassets in Resources */,
				A7FFC2AA2DAFB9B4008FC4D1 /* GoogleService-Info.plist in Resources */,
				A790EEE62DAE986700648024 /* Assets.xcassets in Resources */,
			);
			runOnlyForDeploymentPostprocessing = 0;
		};
/* End PBXResourcesBuildPhase section */

/* Begin PBXSourcesBuildPhase section */
		A790EEC72DAE961B00648024 /* Sources */ = {
			isa = PBXSourcesBuildPhase;
			buildActionMask = 2147483647;
			files = (
				A790AB6A2DB23C6700087376 /* SignupViewModel.swift in Sources */,
				A790EEE72DAE986700648024 /* ContentView.swift in Sources */,
				A790EEE82DAE986700648024 /* instagramCloneApp.swift in Sources */,
				A790EEED2DAEA2BB00648024 /* ImageFitAndFillView.swift in Sources */,
				A7E32BB82DB14896000E0457 /* GradientBackgroundView.swift in Sources */,
				A7E32BBE2DB14BC5000E0457 /* EnterNameView.swift in Sources */,
				A712D38F2DB3FA040067A800 /* ProfileViewModel.swift in Sources */,
				A7E32BC02DB14C17000E0457 /* EnterUsernameView.swift in Sources */,
				A7E32BC72DB15077000E0457 /* SignupBackgroundView.swift in Sources */,
				A790AB6F2DB2476A00087376 /* User.swift in Sources */,
				A790EEE92DAE986700648024 /* MainTapView.swift in Sources */,
				A712D38D2DB3F5B70067A800 /* ProfileEditingView.swift in Sources */,
				A790EEEB2DAE98B800648024 /* NewPostView.swift in Sources */,
				A7E32BBA2DB148ED000E0457 /* EnterEmailView.swift in Sources */,
				A7E32BC22DB14C61000E0457 /* CompleteSignupView.swift in Sources */,
				A7E32BC42DB14EE6000E0457 /* InstagramTextFieldModifier.swift in Sources */,
				A7E32BC92DB15378000E0457 /* BlueButtonView.swift in Sources */,
				A790AB6D2DB243A200087376 /* AuthManager.swift in Sources */,
				A7E32BBC2DB14AFD000E0457 /* EnterPasswordView.swift in Sources */,
				A7FFC2B92DAFC57B008FC4D1 /* Post.swift in Sources */,
				A7E32BB52DB143B9000E0457 /* LoginView.swift in Sources */,
				A7FFC2B62DAFBF58008FC4D1 /* NewPostViewModel.swift in Sources */,
				A712D38B2DB3F0890067A800 /* ProfileView.swift in Sources */,
				A790AB712DB24ACF00087376 /* LoginViewModel.swift in Sources */,
			);
			runOnlyForDeploymentPostprocessing = 0;
		};
/* End PBXSourcesBuildPhase section */

/* Begin XCBuildConfiguration section */
		A790EED72DAE961C00648024 /* Debug */ = {
			isa = XCBuildConfiguration;
			buildSettings = {
				ALWAYS_SEARCH_USER_PATHS = NO;
				ASSETCATALOG_COMPILER_GENERATE_SWIFT_ASSET_SYMBOL_EXTENSIONS = YES;
				CLANG_ANALYZER_NONNULL = YES;
				CLANG_ANALYZER_NUMBER_OBJECT_CONVERSION = YES_AGGRESSIVE;
				CLANG_CXX_LANGUAGE_STANDARD = "gnu++20";
				CLANG_ENABLE_MODULES = YES;
				CLANG_ENABLE_OBJC_ARC = YES;
				CLANG_ENABLE_OBJC_WEAK = YES;
				CLANG_WARN_BLOCK_CAPTURE_AUTORELEASING = YES;
				CLANG_WARN_BOOL_CONVERSION = YES;
				CLANG_WARN_COMMA = YES;
				CLANG_WARN_CONSTANT_CONVERSION = YES;
				CLANG_WARN_DEPRECATED_OBJC_IMPLEMENTATIONS = YES;
				CLANG_WARN_DIRECT_OBJC_ISA_USAGE = YES_ERROR;
				CLANG_WARN_DOCUMENTATION_COMMENTS = YES;
				CLANG_WARN_EMPTY_BODY = YES;
				CLANG_WARN_ENUM_CONVERSION = YES;
				CLANG_WARN_INFINITE_RECURSION = YES;
				CLANG_WARN_INT_CONVERSION = YES;
				CLANG_WARN_NON_LITERAL_NULL_CONVERSION = YES;
				CLANG_WARN_OBJC_IMPLICIT_RETAIN_SELF = YES;
				CLANG_WARN_OBJC_LITERAL_CONVERSION = YES;
				CLANG_WARN_OBJC_ROOT_CLASS = YES_ERROR;
				CLANG_WARN_QUOTED_INCLUDE_IN_FRAMEWORK_HEADER = YES;
				CLANG_WARN_RANGE_LOOP_ANALYSIS = YES;
				CLANG_WARN_STRICT_PROTOTYPES = YES;
				CLANG_WARN_SUSPICIOUS_MOVE = YES;
				CLANG_WARN_UNGUARDED_AVAILABILITY = YES_AGGRESSIVE;
				CLANG_WARN_UNREACHABLE_CODE = YES;
				CLANG_WARN__DUPLICATE_METHOD_MATCH = YES;
				COPY_PHASE_STRIP = NO;
				DEBUG_INFORMATION_FORMAT = dwarf;
				ENABLE_STRICT_OBJC_MSGSEND = YES;
				ENABLE_TESTABILITY = YES;
				ENABLE_USER_SCRIPT_SANDBOXING = YES;
				GCC_C_LANGUAGE_STANDARD = gnu17;
				GCC_DYNAMIC_NO_PIC = NO;
				GCC_NO_COMMON_BLOCKS = YES;
				GCC_OPTIMIZATION_LEVEL = 0;
				GCC_PREPROCESSOR_DEFINITIONS = (
					"DEBUG=1",
					"$(inherited)",
				);
				GCC_WARN_64_TO_32_BIT_CONVERSION = YES;
				GCC_WARN_ABOUT_RETURN_TYPE = YES_ERROR;
				GCC_WARN_UNDECLARED_SELECTOR = YES;
				GCC_WARN_UNINITIALIZED_AUTOS = YES_AGGRESSIVE;
				GCC_WARN_UNUSED_FUNCTION = YES;
				GCC_WARN_UNUSED_VARIABLE = YES;
				IPHONEOS_DEPLOYMENT_TARGET = 18.2;
				LOCALIZATION_PREFERS_STRING_CATALOGS = YES;
				MTL_ENABLE_DEBUG_INFO = INCLUDE_SOURCE;
				MTL_FAST_MATH = YES;
				ONLY_ACTIVE_ARCH = YES;
				SDKROOT = iphoneos;
				SWIFT_ACTIVE_COMPILATION_CONDITIONS = "DEBUG $(inherited)";
				SWIFT_OPTIMIZATION_LEVEL = "-Onone";
			};
			name = Debug;
		};
		A790EED82DAE961C00648024 /* Release */ = {
			isa = XCBuildConfiguration;
			buildSettings = {
				ALWAYS_SEARCH_USER_PATHS = NO;
				ASSETCATALOG_COMPILER_GENERATE_SWIFT_ASSET_SYMBOL_EXTENSIONS = YES;
				CLANG_ANALYZER_NONNULL = YES;
				CLANG_ANALYZER_NUMBER_OBJECT_CONVERSION = YES_AGGRESSIVE;
				CLANG_CXX_LANGUAGE_STANDARD = "gnu++20";
				CLANG_ENABLE_MODULES = YES;
				CLANG_ENABLE_OBJC_ARC = YES;
				CLANG_ENABLE_OBJC_WEAK = YES;
				CLANG_WARN_BLOCK_CAPTURE_AUTORELEASING = YES;
				CLANG_WARN_BOOL_CONVERSION = YES;
				CLANG_WARN_COMMA = YES;
				CLANG_WARN_CONSTANT_CONVERSION = YES;
				CLANG_WARN_DEPRECATED_OBJC_IMPLEMENTATIONS = YES;
				CLANG_WARN_DIRECT_OBJC_ISA_USAGE = YES_ERROR;
				CLANG_WARN_DOCUMENTATION_COMMENTS = YES;
				CLANG_WARN_EMPTY_BODY = YES;
				CLANG_WARN_ENUM_CONVERSION = YES;
				CLANG_WARN_INFINITE_RECURSION = YES;
				CLANG_WARN_INT_CONVERSION = YES;
				CLANG_WARN_NON_LITERAL_NULL_CONVERSION = YES;
				CLANG_WARN_OBJC_IMPLICIT_RETAIN_SELF = YES;
				CLANG_WARN_OBJC_LITERAL_CONVERSION = YES;
				CLANG_WARN_OBJC_ROOT_CLASS = YES_ERROR;
				CLANG_WARN_QUOTED_INCLUDE_IN_FRAMEWORK_HEADER = YES;
				CLANG_WARN_RANGE_LOOP_ANALYSIS = YES;
				CLANG_WARN_STRICT_PROTOTYPES = YES;
				CLANG_WARN_SUSPICIOUS_MOVE = YES;
				CLANG_WARN_UNGUARDED_AVAILABILITY = YES_AGGRESSIVE;
				CLANG_WARN_UNREACHABLE_CODE = YES;
				CLANG_WARN__DUPLICATE_METHOD_MATCH = YES;
				COPY_PHASE_STRIP = NO;
				DEBUG_INFORMATION_FORMAT = "dwarf-with-dsym";
				ENABLE_NS_ASSERTIONS = NO;
				ENABLE_STRICT_OBJC_MSGSEND = YES;
				ENABLE_USER_SCRIPT_SANDBOXING = YES;
				GCC_C_LANGUAGE_STANDARD = gnu17;
				GCC_NO_COMMON_BLOCKS = YES;
				GCC_WARN_64_TO_32_BIT_CONVERSION = YES;
				GCC_WARN_ABOUT_RETURN_TYPE = YES_ERROR;
				GCC_WARN_UNDECLARED_SELECTOR = YES;
				GCC_WARN_UNINITIALIZED_AUTOS = YES_AGGRESSIVE;
				GCC_WARN_UNUSED_FUNCTION = YES;
				GCC_WARN_UNUSED_VARIABLE = YES;
				IPHONEOS_DEPLOYMENT_TARGET = 18.2;
				LOCALIZATION_PREFERS_STRING_CATALOGS = YES;
				MTL_ENABLE_DEBUG_INFO = NO;
				MTL_FAST_MATH = YES;
				SDKROOT = iphoneos;
				SWIFT_COMPILATION_MODE = wholemodule;
				VALIDATE_PRODUCT = YES;
			};
			name = Release;
		};
		A790EEDA2DAE961C00648024 /* Debug */ = {
			isa = XCBuildConfiguration;
			buildSettings = {
				ASSETCATALOG_COMPILER_APPICON_NAME = AppIcon;
				ASSETCATALOG_COMPILER_GLOBAL_ACCENT_COLOR_NAME = AccentColor;
				CODE_SIGN_STYLE = Automatic;
				CURRENT_PROJECT_VERSION = 1;
				DEVELOPMENT_ASSET_PATHS = "\"instagramClone/Preview Content\"";
				ENABLE_PREVIEWS = YES;
				GENERATE_INFOPLIST_FILE = YES;
				INFOPLIST_KEY_UIApplicationSceneManifest_Generation = YES;
				INFOPLIST_KEY_UIApplicationSupportsIndirectInputEvents = YES;
				INFOPLIST_KEY_UILaunchScreen_Generation = YES;
				INFOPLIST_KEY_UISupportedInterfaceOrientations_iPad = "UIInterfaceOrientationPortrait UIInterfaceOrientationPortraitUpsideDown UIInterfaceOrientationLandscapeLeft UIInterfaceOrientationLandscapeRight";
				INFOPLIST_KEY_UISupportedInterfaceOrientations_iPhone = "UIInterfaceOrientationPortrait UIInterfaceOrientationLandscapeLeft UIInterfaceOrientationLandscapeRight";
				LD_RUNPATH_SEARCH_PATHS = (
					"$(inherited)",
					"@executable_path/Frameworks",
				);
				MARKETING_VERSION = 1.0;
				PRODUCT_BUNDLE_IDENTIFIER = com.evan.instagramClone;
				PRODUCT_NAME = "$(TARGET_NAME)";
				SWIFT_EMIT_LOC_STRINGS = YES;
				SWIFT_VERSION = 5.0;
				TARGETED_DEVICE_FAMILY = "1,2";
			};
			name = Debug;
		};
		A790EEDB2DAE961C00648024 /* Release */ = {
			isa = XCBuildConfiguration;
			buildSettings = {
				ASSETCATALOG_COMPILER_APPICON_NAME = AppIcon;
				ASSETCATALOG_COMPILER_GLOBAL_ACCENT_COLOR_NAME = AccentColor;
				CODE_SIGN_STYLE = Automatic;
				CURRENT_PROJECT_VERSION = 1;
				DEVELOPMENT_ASSET_PATHS = "\"instagramClone/Preview Content\"";
				ENABLE_PREVIEWS = YES;
				GENERATE_INFOPLIST_FILE = YES;
				INFOPLIST_KEY_UIApplicationSceneManifest_Generation = YES;
				INFOPLIST_KEY_UIApplicationSupportsIndirectInputEvents = YES;
				INFOPLIST_KEY_UILaunchScreen_Generation = YES;
				INFOPLIST_KEY_UISupportedInterfaceOrientations_iPad = "UIInterfaceOrientationPortrait UIInterfaceOrientationPortraitUpsideDown UIInterfaceOrientationLandscapeLeft UIInterfaceOrientationLandscapeRight";
				INFOPLIST_KEY_UISupportedInterfaceOrientations_iPhone = "UIInterfaceOrientationPortrait UIInterfaceOrientationLandscapeLeft UIInterfaceOrientationLandscapeRight";
				LD_RUNPATH_SEARCH_PATHS = (
					"$(inherited)",
					"@executable_path/Frameworks",
				);
				MARKETING_VERSION = 1.0;
				PRODUCT_BUNDLE_IDENTIFIER = com.evan.instagramClone;
				PRODUCT_NAME = "$(TARGET_NAME)";
				SWIFT_EMIT_LOC_STRINGS = YES;
				SWIFT_VERSION = 5.0;
				TARGETED_DEVICE_FAMILY = "1,2";
			};
			name = Release;
		};
/* End XCBuildConfiguration section */

/* Begin XCConfigurationList section */
		A790EEC62DAE961B00648024 /* Build configuration list for PBXProject "instagramClone" */ = {
			isa = XCConfigurationList;
			buildConfigurations = (
				A790EED72DAE961C00648024 /* Debug */,
				A790EED82DAE961C00648024 /* Release */,
			);
			defaultConfigurationIsVisible = 0;
			defaultConfigurationName = Release;
		};
		A790EED92DAE961C00648024 /* Build configuration list for PBXNativeTarget "instagramClone" */ = {
			isa = XCConfigurationList;
			buildConfigurations = (
				A790EEDA2DAE961C00648024 /* Debug */,
				A790EEDB2DAE961C00648024 /* Release */,
			);
			defaultConfigurationIsVisible = 0;
			defaultConfigurationName = Release;
		};
/* End XCConfigurationList section */

/* Begin XCRemoteSwiftPackageReference section */
		A712D3922DB407AB0067A800 /* XCRemoteSwiftPackageReference "Kingfisher" */ = {
			isa = XCRemoteSwiftPackageReference;
			repositoryURL = "https://github.com/onevcat/Kingfisher";
			requirement = {
				kind = upToNextMajorVersion;
				minimumVersion = 8.3.2;
			};
		};
		A7FFC2AB2DAFBACC008FC4D1 /* XCRemoteSwiftPackageReference "firebase-ios-sdk" */ = {
			isa = XCRemoteSwiftPackageReference;
			repositoryURL = "https://github.com/firebase/firebase-ios-sdk";
			requirement = {
				kind = exactVersion;
				version = 10.24.0;
			};
		};
/* End XCRemoteSwiftPackageReference section */

/* Begin XCSwiftPackageProductDependency section */
		A712D3932DB407AB0067A800 /* Kingfisher */ = {
			isa = XCSwiftPackageProductDependency;
			package = A712D3922DB407AB0067A800 /* XCRemoteSwiftPackageReference "Kingfisher" */;
			productName = Kingfisher;
		};
		A7FFC2AC2DAFBACC008FC4D1 /* FirebaseAuth */ = {
			isa = XCSwiftPackageProductDependency;
			package = A7FFC2AB2DAFBACC008FC4D1 /* XCRemoteSwiftPackageReference "firebase-ios-sdk" */;
			productName = FirebaseAuth;
		};
		A7FFC2AE2DAFBACC008FC4D1 /* FirebaseFirestore */ = {
			isa = XCSwiftPackageProductDependency;
			package = A7FFC2AB2DAFBACC008FC4D1 /* XCRemoteSwiftPackageReference "firebase-ios-sdk" */;
			productName = FirebaseFirestore;
		};
		A7FFC2B02DAFBACC008FC4D1 /* FirebaseFirestoreSwift */ = {
			isa = XCSwiftPackageProductDependency;
			package = A7FFC2AB2DAFBACC008FC4D1 /* XCRemoteSwiftPackageReference "firebase-ios-sdk" */;
			productName = FirebaseFirestoreSwift;
		};
		A7FFC2B22DAFBACC008FC4D1 /* FirebaseStorage */ = {
			isa = XCSwiftPackageProductDependency;
			package = A7FFC2AB2DAFBACC008FC4D1 /* XCRemoteSwiftPackageReference "firebase-ios-sdk" */;
			productName = FirebaseStorage;
		};
/* End XCSwiftPackageProductDependency section */
	};
	rootObject = A790EEC32DAE961B00648024 /* Project object */;
}
